
Microsoft Visual Studio Solution File, Format Version 12.00
# Visual Studio Version 17
VisualStudioVersion = 17.7.34031.279
MinimumVisualStudioVersion = 10.0.40219.1
Project("{9A19103F-16F7-4668-BE54-9A1E7A4F7556}") = "Maui.MarkdownSample.Basic", "Maui.MarkdownSample.Basic.csproj", "{E370BEEF-1D3B-4C5B-ACF2-8D67DD01293B}"
EndProject
Project("{9A19103F-16F7-4668-BE54-9A1E7A4F7556}") = "Maui.MarkdownView", "..\..\Source\Maui.MarkdownView\Maui.MarkdownView\Maui.MarkdownView.csproj", "{035B50BD-2F43-4C00-BF31-7145B18781F1}"
EndProject
Global
	GlobalSection(SolutionConfigurationPlatforms) = preSolution
		Debug|Any CPU = Debug|Any CPU
		Release|Any CPU = Release|Any CPU
	EndGlobalSection
	GlobalSection(ProjectConfigurationPlatforms) = postSolution
		{E370BEEF-1D3B-4C5B-ACF2-8D67DD01293B}.Debug|Any CPU.ActiveCfg = Debug|Any CPU
		{E370BEEF-1D3B-4C5B-ACF2-8D67DD01293B}.Debug|Any CPU.Build.0 = Debug|Any CPU
		{E370BEEF-1D3B-4C5B-ACF2-8D67DD01293B}.Debug|Any CPU.Deploy.0 = Debug|Any CPU
		{E370BEEF-1D3B-4C5B-ACF2-8D67DD01293B}.Release|Any CPU.ActiveCfg = Release|Any CPU
		{E370BEEF-1D3B-4C5B-ACF2-8D67DD01293B}.Release|Any CPU.Build.0 = Release|Any CPU
		{E370BEEF-1D3B-4C5B-ACF2-8D67DD01293B}.Release|Any CPU.Deploy.0 = Release|Any CPU
		{035B50BD-2F43-4C00-BF31-7145B18781F1}.Debug|Any CPU.ActiveCfg = Debug|Any CPU
		{035B50BD-2F43-4C00-BF31-7145B18781F1}.Debug|Any CPU.Build.0 = Debug|Any CPU
		{035B50BD-2F43-4C00-BF31-7145B18781F1}.Release|Any CPU.ActiveCfg = Release|Any CPU
		{035B50BD-2F43-4C00-BF31-7145B18781F1}.Release|Any CPU.Build.0 = Release|Any CPU
	EndGlobalSection
	GlobalSection(SolutionProperties) = preSolution
		HideSolutionNode = FALSE
	EndGlobalSection
	GlobalSection(ExtensibilityGlobals) = postSolution
		SolutionGuid = {A0606C7B-7BB9-4F3D-A284-FACF0C38E4D5}
	EndGlobalSection
EndGlobal
